
Microsoft Visual Studio Solution File, Format Version 12.00
# Visual Studio Version 17
VisualStudioVersion = 17.1.32328.378
MinimumVisualStudioVersion = 10.0.40219.1
Project("{FAE04EC0-301F-11D3-BF4B-00C04F79EFBC}") = "EAMonitorDb", "EAMonitorDb\EAMonitorDb.csproj", "{47649607-7C0B-4785-A4FC-196E3C69F712}"
EndProject
Global
	GlobalSection(SolutionConfigurationPlatforms) = preSolution
		Debug|Any CPU = Debug|Any CPU
		Release|Any CPU = Release|Any CPU
	EndGlobalSection
	GlobalSection(ProjectConfigurationPlatforms) = postSolution
		{47649607-7C0B-4785-A4FC-196E3C69F712}.Debug|Any CPU.ActiveCfg = Debug|Any CPU
		{47649607-7C0B-4785-A4FC-196E3C69F712}.Debug|Any CPU.Build.0 = Debug|Any CPU
		{47649607-7C0B-4785-A4FC-196E3C69F712}.Release|Any CPU.ActiveCfg = Release|Any CPU
		{47649607-7C0B-4785-A4FC-196E3C69F712}.Release|Any CPU.Build.0 = Release|Any CPU
	EndGlobalSection
	GlobalSection(SolutionProperties) = preSolution
		HideSolutionNode = FALSE
	EndGlobalSection
	GlobalSection(ExtensibilityGlobals) = postSolution
		SolutionGuid = {F18CEFB0-1815-4DCF-99D0-561A10C2C674}
	EndGlobalSection
EndGlobal
